{
  "name": "@blockhub/i18n",
  "version": "0.1.0",
  "lockfileVersion": 3,
  "requires": true,
  "packages": {
    "": {
      "name": "@blockhub/i18n",
      "version": "0.1.0",
      "peerDependencies": {
        "react": "^18.0.0 || ^19.0.0"
      },
      "peerDependenciesMeta": {
        "react": {
          "optional": true
        }
      }
    }
  }
}
